
Microsoft Visual Studio Solution File, Format Version 12.00
# Visual Studio Version 17
VisualStudioVersion = 17.3.32929.385
MinimumVisualStudioVersion = 10.0.40219.1
Project("{9A19103F-16F7-4668-BE54-9A1E7A4F7556}") = "HRApp", "HRApp\HRApp.csproj", "{49288A92-31F8-4E9E-9BCD-F0ABE89C94DC}"
EndProject
Project("{9A19103F-16F7-4668-BE54-9A1E7A4F7556}") = "Domain", "Domain\Domain.csproj", "{876BAF3A-8D59-4E25-AE4F-B11A69DE9CC5}"
EndProject
Project("{9A19103F-16F7-4668-BE54-9A1E7A4F7556}") = "DataAccess", "DataAccess\DataAccess.csproj", "{E9210FFB-F9DE-4B79-A13B-81A302C7193C}"
EndProject
Project("{FAE04EC0-301F-11D3-BF4B-00C04F79EFBC}") = "Services", "Services\Services.csproj", "{5F2351BB-C980-43D2-93A0-F95F1A2C1C1E}"
EndProject
Project("{FAE04EC0-301F-11D3-BF4B-00C04F79EFBC}") = "Utilities", "Utilities\Utilities.csproj", "{66FF6145-FC73-479B-A2BB-30FC59EA3E0C}"
EndProject
Global
	GlobalSection(SolutionConfigurationPlatforms) = preSolution
		Debug|Any CPU = Debug|Any CPU
		Release|Any CPU = Release|Any CPU
	EndGlobalSection
	GlobalSection(ProjectConfigurationPlatforms) = postSolution
		{49288A92-31F8-4E9E-9BCD-F0ABE89C94DC}.Debug|Any CPU.ActiveCfg = Debug|Any CPU
		{49288A92-31F8-4E9E-9BCD-F0ABE89C94DC}.Debug|Any CPU.Build.0 = Debug|Any CPU
		{49288A92-31F8-4E9E-9BCD-F0ABE89C94DC}.Release|Any CPU.ActiveCfg = Release|Any CPU
		{49288A92-31F8-4E9E-9BCD-F0ABE89C94DC}.Release|Any CPU.Build.0 = Release|Any CPU
		{876BAF3A-8D59-4E25-AE4F-B11A69DE9CC5}.Debug|Any CPU.ActiveCfg = Debug|Any CPU
		{876BAF3A-8D59-4E25-AE4F-B11A69DE9CC5}.Debug|Any CPU.Build.0 = Debug|Any CPU
		{876BAF3A-8D59-4E25-AE4F-B11A69DE9CC5}.Release|Any CPU.ActiveCfg = Release|Any CPU
		{876BAF3A-8D59-4E25-AE4F-B11A69DE9CC5}.Release|Any CPU.Build.0 = Release|Any CPU
		{E9210FFB-F9DE-4B79-A13B-81A302C7193C}.Debug|Any CPU.ActiveCfg = Debug|Any CPU
		{E9210FFB-F9DE-4B79-A13B-81A302C7193C}.Debug|Any CPU.Build.0 = Debug|Any CPU
		{E9210FFB-F9DE-4B79-A13B-81A302C7193C}.Release|Any CPU.ActiveCfg = Release|Any CPU
		{E9210FFB-F9DE-4B79-A13B-81A302C7193C}.Release|Any CPU.Build.0 = Release|Any CPU
		{5F2351BB-C980-43D2-93A0-F95F1A2C1C1E}.Debug|Any CPU.ActiveCfg = Debug|Any CPU
		{5F2351BB-C980-43D2-93A0-F95F1A2C1C1E}.Debug|Any CPU.Build.0 = Debug|Any CPU
		{5F2351BB-C980-43D2-93A0-F95F1A2C1C1E}.Release|Any CPU.ActiveCfg = Release|Any CPU
		{5F2351BB-C980-43D2-93A0-F95F1A2C1C1E}.Release|Any CPU.Build.0 = Release|Any CPU
		{66FF6145-FC73-479B-A2BB-30FC59EA3E0C}.Debug|Any CPU.ActiveCfg = Debug|Any CPU
		{66FF6145-FC73-479B-A2BB-30FC59EA3E0C}.Debug|Any CPU.Build.0 = Debug|Any CPU
		{66FF6145-FC73-479B-A2BB-30FC59EA3E0C}.Release|Any CPU.ActiveCfg = Release|Any CPU
		{66FF6145-FC73-479B-A2BB-30FC59EA3E0C}.Release|Any CPU.Build.0 = Release|Any CPU
	EndGlobalSection
	GlobalSection(SolutionProperties) = preSolution
		HideSolutionNode = FALSE
	EndGlobalSection
	GlobalSection(ExtensibilityGlobals) = postSolution
		SolutionGuid = {4594EA9B-4885-4E05-832E-7F5DE39C17B9}
	EndGlobalSection
EndGlobal
